
Microsoft Visual Studio Solution File, Format Version 12.00
# Visual Studio Version 17
VisualStudioVersion = 17.0.31903.59
MinimumVisualStudioVersion = 10.0.40219.1
Project("{FAE04EC0-301F-11D3-BF4B-00C04F79EFBC}") = "Web", "Web\Web.csproj", "{1390823E-E987-47CC-BC22-E0208E894E67}"
EndProject
Project("{FAE04EC0-301F-11D3-BF4B-00C04F79EFBC}") = "ServiceGateway", "ServiceGateway\ServiceGateway.csproj", "{E872515F-440A-4269-BF9E-555BD6AFA5D8}"
EndProject
Project("{FAE04EC0-301F-11D3-BF4B-00C04F79EFBC}") = "UserService", "UserService\UserService.csproj", "{379C4420-5149-41A4-B047-4B53035DC8E1}"
EndProject
Project("{FAE04EC0-301F-11D3-BF4B-00C04F79EFBC}") = "BrowserDatabase", "BrowserDatabase\BrowserDatabase.csproj", "{DD56049D-1D73-48AA-A6E3-59D9EF7CCC9D}"
EndProject
Global
	GlobalSection(SolutionConfigurationPlatforms) = preSolution
		Debug|Any CPU = Debug|Any CPU
		Release|Any CPU = Release|Any CPU
	EndGlobalSection
	GlobalSection(SolutionProperties) = preSolution
		HideSolutionNode = FALSE
	EndGlobalSection
	GlobalSection(ProjectConfigurationPlatforms) = postSolution
		{1390823E-E987-47CC-BC22-E0208E894E67}.Debug|Any CPU.ActiveCfg = Debug|Any CPU
		{1390823E-E987-47CC-BC22-E0208E894E67}.Debug|Any CPU.Build.0 = Debug|Any CPU
		{1390823E-E987-47CC-BC22-E0208E894E67}.Release|Any CPU.ActiveCfg = Release|Any CPU
		{1390823E-E987-47CC-BC22-E0208E894E67}.Release|Any CPU.Build.0 = Release|Any CPU
		{E872515F-440A-4269-BF9E-555BD6AFA5D8}.Debug|Any CPU.ActiveCfg = Debug|Any CPU
		{E872515F-440A-4269-BF9E-555BD6AFA5D8}.Debug|Any CPU.Build.0 = Debug|Any CPU
		{E872515F-440A-4269-BF9E-555BD6AFA5D8}.Release|Any CPU.ActiveCfg = Release|Any CPU
		{E872515F-440A-4269-BF9E-555BD6AFA5D8}.Release|Any CPU.Build.0 = Release|Any CPU
		{379C4420-5149-41A4-B047-4B53035DC8E1}.Debug|Any CPU.ActiveCfg = Debug|Any CPU
		{379C4420-5149-41A4-B047-4B53035DC8E1}.Debug|Any CPU.Build.0 = Debug|Any CPU
		{379C4420-5149-41A4-B047-4B53035DC8E1}.Release|Any CPU.ActiveCfg = Release|Any CPU
		{379C4420-5149-41A4-B047-4B53035DC8E1}.Release|Any CPU.Build.0 = Release|Any CPU
		{DD56049D-1D73-48AA-A6E3-59D9EF7CCC9D}.Debug|Any CPU.ActiveCfg = Debug|Any CPU
		{DD56049D-1D73-48AA-A6E3-59D9EF7CCC9D}.Debug|Any CPU.Build.0 = Debug|Any CPU
		{DD56049D-1D73-48AA-A6E3-59D9EF7CCC9D}.Release|Any CPU.ActiveCfg = Release|Any CPU
		{DD56049D-1D73-48AA-A6E3-59D9EF7CCC9D}.Release|Any CPU.Build.0 = Release|Any CPU
	EndGlobalSection
EndGlobal
