
Microsoft Visual Studio Solution File, Format Version 12.00
# Visual Studio Version 17
VisualStudioVersion = 17.5.002.0
MinimumVisualStudioVersion = 10.0.40219.1
Project("{9A19103F-16F7-4668-BE54-9A1E7A4F7556}") = "MiniAssetManagement", "MiniAssetManagement.csproj", "{306D16B8-E42A-40F3-BB68-BDBB5AEA7D54}"
EndProject
Global
	GlobalSection(SolutionConfigurationPlatforms) = preSolution
		Debug|Any CPU = Debug|Any CPU
		Release|Any CPU = Release|Any CPU
	EndGlobalSection
	GlobalSection(ProjectConfigurationPlatforms) = postSolution
		{306D16B8-E42A-40F3-BB68-BDBB5AEA7D54}.Debug|Any CPU.ActiveCfg = Debug|Any CPU
		{306D16B8-E42A-40F3-BB68-BDBB5AEA7D54}.Debug|Any CPU.Build.0 = Debug|Any CPU
		{306D16B8-E42A-40F3-BB68-BDBB5AEA7D54}.Release|Any CPU.ActiveCfg = Release|Any CPU
		{306D16B8-E42A-40F3-BB68-BDBB5AEA7D54}.Release|Any CPU.Build.0 = Release|Any CPU
	EndGlobalSection
	GlobalSection(SolutionProperties) = preSolution
		HideSolutionNode = FALSE
	EndGlobalSection
	GlobalSection(ExtensibilityGlobals) = postSolution
		SolutionGuid = {7122369A-1454-495B-B87D-5523BDE26C82}
	EndGlobalSection
EndGlobal
